// !$*UTF8*$!
{
	archiveVersion = 1;
	classes = {
	};
	objectVersion = 46;
	objects = {

/* Begin PBXBuildFile section */
		948889191B958712003B76F9 /* AppDelegate.swift in Sources */ = {isa = PBXBuildFile; fileRef = 948889181B958712003B76F9 /* AppDelegate.swift */; };
		9488891F1B958712003B76F9 /* GameViewController.swift in Sources */ = {isa = PBXBuildFile; fileRef = 9488891E1B958712003B76F9 /* GameViewController.swift */; };
		948889221B958712003B76F9 /* Main.storyboard in Resources */ = {isa = PBXBuildFile; fileRef = 948889201B958712003B76F9 /* Main.storyboard */; };
		948889241B958712003B76F9 /* Assets.xcassets in Resources */ = {isa = PBXBuildFile; fileRef = 948889231B958712003B76F9 /* Assets.xcassets */; };
		948889271B958712003B76F9 /* LaunchScreen.storyboard in Resources */ = {isa = PBXBuildFile; fileRef = 948889251B958712003B76F9 /* LaunchScreen.storyboard */; };
		94C0BDED1BAD20DD001C61ED /* AppDelegate.swift in Sources */ = {isa = PBXBuildFile; fileRef = 94C0BDEC1BAD20DD001C61ED /* AppDelegate.swift */; };
		94C0BDF31BAD20DD001C61ED /* GameViewController.swift in Sources */ = {isa = PBXBuildFile; fileRef = 94C0BDF21BAD20DD001C61ED /* GameViewController.swift */; };
		94C0BDF51BAD20DD001C61ED /* Game.xcassets in Resources */ = {isa = PBXBuildFile; fileRef = 94C0BDF41BAD20DD001C61ED /* Game.xcassets */; };
		94C0BDF81BAD20DD001C61ED /* Main.storyboard in Resources */ = {isa = PBXBuildFile; fileRef = 94C0BDF61BAD20DD001C61ED /* Main.storyboard */; };
		94C0BDFA1BAD20DD001C61ED /* Assets.xcassets in Resources */ = {isa = PBXBuildFile; fileRef = 94C0BDF91BAD20DD001C61ED /* Assets.xcassets */; };
		94C0BE271BAD27BF001C61ED /* PlayerController.swift in Sources */ = {isa = PBXBuildFile; fileRef = 944FC2EB1BA657D3000DBE84 /* PlayerController.swift */; };
		94C0BE281BAD27BF001C61ED /* PongEntity.swift in Sources */ = {isa = PBXBuildFile; fileRef = 944FC2E41BA65699000DBE84 /* PongEntity.swift */; };
		94C0BE291BAD27BF001C61ED /* Ball.swift in Sources */ = {isa = PBXBuildFile; fileRef = 944FC2E61BA656CD000DBE84 /* Ball.swift */; };
		94C0BE2A1BAD27BF001C61ED /* Player.swift in Sources */ = {isa = PBXBuildFile; fileRef = 944FC2E81BA65771000DBE84 /* Player.swift */; };
		94C0BE2B1BAD27BF001C61ED /* GameScene.swift in Sources */ = {isa = PBXBuildFile; fileRef = 9488891C1B958712003B76F9 /* GameScene.swift */; };
		94C0BE2C1BAD27C0001C61ED /* PlayerController.swift in Sources */ = {isa = PBXBuildFile; fileRef = 944FC2EB1BA657D3000DBE84 /* PlayerController.swift */; };
		94C0BE2D1BAD27C0001C61ED /* PongEntity.swift in Sources */ = {isa = PBXBuildFile; fileRef = 944FC2E41BA65699000DBE84 /* PongEntity.swift */; };
		94C0BE2E1BAD27C0001C61ED /* Ball.swift in Sources */ = {isa = PBXBuildFile; fileRef = 944FC2E61BA656CD000DBE84 /* Ball.swift */; };
		94C0BE2F1BAD27C0001C61ED /* Player.swift in Sources */ = {isa = PBXBuildFile; fileRef = 944FC2E81BA65771000DBE84 /* Player.swift */; };
		94C0BE301BAD27C0001C61ED /* GameScene.swift in Sources */ = {isa = PBXBuildFile; fileRef = 9488891C1B958712003B76F9 /* GameScene.swift */; };
/* End PBXBuildFile section */

/* Begin PBXCopyFilesBuildPhase section */
		94C0BE1E1BAD218B001C61ED /* Embed Frameworks */ = {
			isa = PBXCopyFilesBuildPhase;
			buildActionMask = 2147483647;
			dstPath = "";
			dstSubfolderSpec = 10;
			files = (
			);
			name = "Embed Frameworks";
			runOnlyForDeploymentPostprocessing = 0;
		};
/* End PBXCopyFilesBuildPhase section */

/* Begin PBXFileReference section */
		944FC2E41BA65699000DBE84 /* PongEntity.swift */ = {isa = PBXFileReference; fileEncoding = 4; lastKnownFileType = sourcecode.swift; path = PongEntity.swift; sourceTree = "<group>"; };
		944FC2E61BA656CD000DBE84 /* Ball.swift */ = {isa = PBXFileReference; fileEncoding = 4; lastKnownFileType = sourcecode.swift; path = Ball.swift; sourceTree = "<group>"; };
		944FC2E81BA65771000DBE84 /* Player.swift */ = {isa = PBXFileReference; fileEncoding = 4; lastKnownFileType = sourcecode.swift; path = Player.swift; sourceTree = "<group>"; };
		944FC2EB1BA657D3000DBE84 /* PlayerController.swift */ = {isa = PBXFileReference; fileEncoding = 4; lastKnownFileType = sourcecode.swift; path = PlayerController.swift; sourceTree = "<group>"; };
		948889151B958712003B76F9 /* Pong:30.app */ = {isa = PBXFileReference; explicitFileType = wrapper.application; includeInIndex = 0; path = "Pong:30.app"; sourceTree = BUILT_PRODUCTS_DIR; };
		948889181B958712003B76F9 /* AppDelegate.swift */ = {isa = PBXFileReference; lastKnownFileType = sourcecode.swift; path = AppDelegate.swift; sourceTree = "<group>"; };
		9488891C1B958712003B76F9 /* GameScene.swift */ = {isa = PBXFileReference; lastKnownFileType = sourcecode.swift; path = GameScene.swift; sourceTree = "<group>"; };
		9488891E1B958712003B76F9 /* GameViewController.swift */ = {isa = PBXFileReference; lastKnownFileType = sourcecode.swift; path = GameViewController.swift; sourceTree = "<group>"; };
		948889211B958712003B76F9 /* Base */ = {isa = PBXFileReference; lastKnownFileType = file.storyboard; name = Base; path = Base.lproj/Main.storyboard; sourceTree = "<group>"; };
		948889231B958712003B76F9 /* Assets.xcassets */ = {isa = PBXFileReference; lastKnownFileType = folder.assetcatalog; path = Assets.xcassets; sourceTree = "<group>"; };
		948889261B958712003B76F9 /* Base */ = {isa = PBXFileReference; lastKnownFileType = file.storyboard; name = Base; path = Base.lproj/LaunchScreen.storyboard; sourceTree = "<group>"; };
		948889281B958712003B76F9 /* Info.plist */ = {isa = PBXFileReference; lastKnownFileType = text.plist.xml; path = Info.plist; sourceTree = "<group>"; };
		94C0BDEA1BAD20DD001C61ED /* Pong:30.app */ = {isa = PBXFileReference; explicitFileType = wrapper.application; includeInIndex = 0; path = "Pong:30.app"; sourceTree = BUILT_PRODUCTS_DIR; };
		94C0BDEC1BAD20DD001C61ED /* AppDelegate.swift */ = {isa = PBXFileReference; lastKnownFileType = sourcecode.swift; path = AppDelegate.swift; sourceTree = "<group>"; };
		94C0BDF21BAD20DD001C61ED /* GameViewController.swift */ = {isa = PBXFileReference; lastKnownFileType = sourcecode.swift; path = GameViewController.swift; sourceTree = "<group>"; };
		94C0BDF41BAD20DD001C61ED /* Game.xcassets */ = {isa = PBXFileReference; lastKnownFileType = folder.assetcatalog; path = Game.xcassets; sourceTree = "<group>"; };
		94C0BDF71BAD20DD001C61ED /* Base */ = {isa = PBXFileReference; lastKnownFileType = file.storyboard; name = Base; path = Base.lproj/Main.storyboard; sourceTree = "<group>"; };
		94C0BDF91BAD20DD001C61ED /* Assets.xcassets */ = {isa = PBXFileReference; lastKnownFileType = folder.assetcatalog; path = Assets.xcassets; sourceTree = "<group>"; };
		94C0BDFB1BAD20DD001C61ED /* Info.plist */ = {isa = PBXFileReference; lastKnownFileType = text.plist.xml; path = Info.plist; sourceTree = "<group>"; };
/* End PBXFileReference section */

/* Begin PBXFrameworksBuildPhase section */
		948889121B958712003B76F9 /* Frameworks */ = {
			isa = PBXFrameworksBuildPhase;
			buildActionMask = 2147483647;
			files = (
			);
			runOnlyForDeploymentPostprocessing = 0;
		};
		94C0BDE71BAD20DD001C61ED /* Frameworks */ = {
			isa = PBXFrameworksBuildPhase;
			buildActionMask = 2147483647;
			files = (
			);
			runOnlyForDeploymentPostprocessing = 0;
		};
/* End PBXFrameworksBuildPhase section */

/* Begin PBXGroup section */
		944FC2E01BA655BB000DBE84 /* shared */ = {
			isa = PBXGroup;
			children = (
				944FC2EA1BA65796000DBE84 /* components */,
				944FC2E31BA655FE000DBE84 /* entities */,
				944FC2E11BA655CE000DBE84 /* scenes */,
			);
			path = shared;
			sourceTree = "<group>";
		};
		944FC2E11BA655CE000DBE84 /* scenes */ = {
			isa = PBXGroup;
			children = (
				9488891C1B958712003B76F9 /* GameScene.swift */,
			);
			path = scenes;
			sourceTree = "<group>";
		};
		944FC2E31BA655FE000DBE84 /* entities */ = {
			isa = PBXGroup;
			children = (
				944FC2E41BA65699000DBE84 /* PongEntity.swift */,
				944FC2E61BA656CD000DBE84 /* Ball.swift */,
				944FC2E81BA65771000DBE84 /* Player.swift */,
			);
			path = entities;
			sourceTree = "<group>";
		};
		944FC2EA1BA65796000DBE84 /* components */ = {
			isa = PBXGroup;
			children = (
				944FC2EB1BA657D3000DBE84 /* PlayerController.swift */,
			);
			path = components;
			sourceTree = "<group>";
		};
		9488890C1B958712003B76F9 = {
			isa = PBXGroup;
			children = (
				948889171B958712003B76F9 /* ios */,
				94C0BDEB1BAD20DD001C61ED /* tvos */,
				944FC2E01BA655BB000DBE84 /* shared */,
				948889161B958712003B76F9 /* Products */,
			);
			sourceTree = "<group>";
		};
		948889161B958712003B76F9 /* Products */ = {
			isa = PBXGroup;
			children = (
				948889151B958712003B76F9 /* Pong:30.app */,
				94C0BDEA1BAD20DD001C61ED /* Pong:30.app */,
			);
			name = Products;
			sourceTree = "<group>";
		};
		948889171B958712003B76F9 /* ios */ = {
			isa = PBXGroup;
			children = (
				948889181B958712003B76F9 /* AppDelegate.swift */,
				9488891E1B958712003B76F9 /* GameViewController.swift */,
				948889231B958712003B76F9 /* Assets.xcassets */,
				948889201B958712003B76F9 /* Main.storyboard */,
				948889251B958712003B76F9 /* LaunchScreen.storyboard */,
				948889281B958712003B76F9 /* Info.plist */,
			);
			path = ios;
			sourceTree = "<group>";
		};
		94C0BDEB1BAD20DD001C61ED /* tvos */ = {
			isa = PBXGroup;
			children = (
				94C0BDEC1BAD20DD001C61ED /* AppDelegate.swift */,
				94C0BDF21BAD20DD001C61ED /* GameViewController.swift */,
				94C0BDF41BAD20DD001C61ED /* Game.xcassets */,
				94C0BDF61BAD20DD001C61ED /* Main.storyboard */,
				94C0BDF91BAD20DD001C61ED /* Assets.xcassets */,
				94C0BDFB1BAD20DD001C61ED /* Info.plist */,
			);
			path = tvos;
			sourceTree = "<group>";
		};
/* End PBXGroup section */

/* Begin PBXNativeTarget section */
		948889141B958712003B76F9 /* pong-thirty-ios */ = {
			isa = PBXNativeTarget;
			buildConfigurationList = 948889361B958712003B76F9 /* Build configuration list for PBXNativeTarget "pong-thirty-ios" */;
			buildPhases = (
				948889111B958712003B76F9 /* Sources */,
				948889121B958712003B76F9 /* Frameworks */,
				948889131B958712003B76F9 /* Resources */,
				94C0BE1E1BAD218B001C61ED /* Embed Frameworks */,
			);
			buildRules = (
			);
			dependencies = (
			);
			name = "pong-thirty-ios";
			productName = "pong:30";
			productReference = 948889151B958712003B76F9 /* Pong:30.app */;
			productType = "com.apple.product-type.application";
		};
		94C0BDE91BAD20DD001C61ED /* pong-thirty-tv */ = {
			isa = PBXNativeTarget;
			buildConfigurationList = 94C0BDFE1BAD20DD001C61ED /* Build configuration list for PBXNativeTarget "pong-thirty-tv" */;
			buildPhases = (
				94C0BDE61BAD20DD001C61ED /* Sources */,
				94C0BDE71BAD20DD001C61ED /* Frameworks */,
				94C0BDE81BAD20DD001C61ED /* Resources */,
			);
			buildRules = (
			);
			dependencies = (
			);
			name = "pong-thirty-tv";
			productName = "pong-thirty-tv";
			productReference = 94C0BDEA1BAD20DD001C61ED /* Pong:30.app */;
			productType = "com.apple.product-type.application";
		};
/* End PBXNativeTarget section */

/* Begin PBXProject section */
		9488890D1B958712003B76F9 /* Project object */ = {
			isa = PBXProject;
			attributes = {
				LastUpgradeCheck = 0700;
				ORGANIZATIONNAME = "OK, Robot Studios";
				TargetAttributes = {
					948889141B958712003B76F9 = {
						CreatedOnToolsVersion = 7.0;
					};
					94C0BDE91BAD20DD001C61ED = {
						CreatedOnToolsVersion = 7.1;
					};
				};
			};
			buildConfigurationList = 948889101B958712003B76F9 /* Build configuration list for PBXProject "pong-thirty" */;
			compatibilityVersion = "Xcode 3.2";
			developmentRegion = English;
			hasScannedForEncodings = 0;
			knownRegions = (
				en,
				Base,
			);
			mainGroup = 9488890C1B958712003B76F9;
			productRefGroup = 948889161B958712003B76F9 /* Products */;
			projectDirPath = "";
			projectRoot = "";
			targets = (
				948889141B958712003B76F9 /* pong-thirty-ios */,
				94C0BDE91BAD20DD001C61ED /* pong-thirty-tv */,
			);
		};
/* End PBXProject section */

/* Begin PBXResourcesBuildPhase section */
		948889131B958712003B76F9 /* Resources */ = {
			isa = PBXResourcesBuildPhase;
			buildActionMask = 2147483647;
			files = (
				948889271B958712003B76F9 /* LaunchScreen.storyboard in Resources */,
				948889241B958712003B76F9 /* Assets.xcassets in Resources */,
				948889221B958712003B76F9 /* Main.storyboard in Resources */,
			);
			runOnlyForDeploymentPostprocessing = 0;
		};
		94C0BDE81BAD20DD001C61ED /* Resources */ = {
			isa = PBXResourcesBuildPhase;
			buildActionMask = 2147483647;
			files = (
				94C0BDF81BAD20DD001C61ED /* Main.storyboard in Resources */,
				94C0BDFA1BAD20DD001C61ED /* Assets.xcassets in Resources */,
				94C0BDF51BAD20DD001C61ED /* Game.xcassets in Resources */,
			);
			runOnlyForDeploymentPostprocessing = 0;
		};
/* End PBXResourcesBuildPhase section */

/* Begin PBXSourcesBuildPhase section */
		948889111B958712003B76F9 /* Sources */ = {
			isa = PBXSourcesBuildPhase;
			buildActionMask = 2147483647;
			files = (
				94C0BE281BAD27BF001C61ED /* PongEntity.swift in Sources */,
				9488891F1B958712003B76F9 /* GameViewController.swift in Sources */,
				94C0BE291BAD27BF001C61ED /* Ball.swift in Sources */,
				948889191B958712003B76F9 /* AppDelegate.swift in Sources */,
				94C0BE2A1BAD27BF001C61ED /* Player.swift in Sources */,
				94C0BE2B1BAD27BF001C61ED /* GameScene.swift in Sources */,
				94C0BE271BAD27BF001C61ED /* PlayerController.swift in Sources */,
			);
			runOnlyForDeploymentPostprocessing = 0;
		};
		94C0BDE61BAD20DD001C61ED /* Sources */ = {
			isa = PBXSourcesBuildPhase;
			buildActionMask = 2147483647;
			files = (
				94C0BE2D1BAD27C0001C61ED /* PongEntity.swift in Sources */,
				94C0BDF31BAD20DD001C61ED /* GameViewController.swift in Sources */,
				94C0BE2E1BAD27C0001C61ED /* Ball.swift in Sources */,
				94C0BDED1BAD20DD001C61ED /* AppDelegate.swift in Sources */,
				94C0BE2F1BAD27C0001C61ED /* Player.swift in Sources */,
				94C0BE301BAD27C0001C61ED /* GameScene.swift in Sources */,
				94C0BE2C1BAD27C0001C61ED /* PlayerController.swift in Sources */,
			);
			runOnlyForDeploymentPostprocessing = 0;
		};
/* End PBXSourcesBuildPhase section */

/* Begin PBXVariantGroup section */
		948889201B958712003B76F9 /* Main.storyboard */ = {
			isa = PBXVariantGroup;
			children = (
				948889211B958712003B76F9 /* Base */,
			);
			name = Main.storyboard;
			sourceTree = "<group>";
		};
		948889251B958712003B76F9 /* LaunchScreen.storyboard */ = {
			isa = PBXVariantGroup;
			children = (
				948889261B958712003B76F9 /* Base */,
			);
			name = LaunchScreen.storyboard;
			sourceTree = "<group>";
		};
		94C0BDF61BAD20DD001C61ED /* Main.storyboard */ = {
			isa = PBXVariantGroup;
			children = (
				94C0BDF71BAD20DD001C61ED /* Base */,
			);
			name = Main.storyboard;
			sourceTree = "<group>";
		};
/* End PBXVariantGroup section */

/* Begin XCBuildConfiguration section */
		948889341B958712003B76F9 /* Debug */ = {
			isa = XCBuildConfiguration;
			buildSettings = {
				ALWAYS_SEARCH_USER_PATHS = NO;
				CLANG_CXX_LANGUAGE_STANDARD = "gnu++0x";
				CLANG_CXX_LIBRARY = "libc++";
				CLANG_ENABLE_MODULES = YES;
				CLANG_ENABLE_OBJC_ARC = YES;
				CLANG_WARN_BOOL_CONVERSION = YES;
				CLANG_WARN_CONSTANT_CONVERSION = YES;
				CLANG_WARN_DIRECT_OBJC_ISA_USAGE = YES_ERROR;
				CLANG_WARN_EMPTY_BODY = YES;
				CLANG_WARN_ENUM_CONVERSION = YES;
				CLANG_WARN_INT_CONVERSION = YES;
				CLANG_WARN_OBJC_ROOT_CLASS = YES_ERROR;
				CLANG_WARN_UNREACHABLE_CODE = YES;
				CLANG_WARN__DUPLICATE_METHOD_MATCH = YES;
				"CODE_SIGN_IDENTITY[sdk=iphoneos*]" = "iPhone Developer";
				COPY_PHASE_STRIP = NO;
				DEBUG_INFORMATION_FORMAT = "dwarf-with-dsym";
				ENABLE_STRICT_OBJC_MSGSEND = YES;
				ENABLE_TESTABILITY = YES;
				GCC_C_LANGUAGE_STANDARD = gnu99;
				GCC_DYNAMIC_NO_PIC = NO;
				GCC_NO_COMMON_BLOCKS = YES;
				GCC_OPTIMIZATION_LEVEL = 0;
				GCC_PREPROCESSOR_DEFINITIONS = (
					"DEBUG=1",
					"$(inherited)",
				);
				GCC_WARN_64_TO_32_BIT_CONVERSION = YES;
				GCC_WARN_ABOUT_RETURN_TYPE = YES_ERROR;
				GCC_WARN_UNDECLARED_SELECTOR = YES;
				GCC_WARN_UNINITIALIZED_AUTOS = YES_AGGRESSIVE;
				GCC_WARN_UNUSED_FUNCTION = YES;
				GCC_WARN_UNUSED_VARIABLE = YES;
				IPHONEOS_DEPLOYMENT_TARGET = 9.0;
				MTL_ENABLE_DEBUG_INFO = YES;
				ONLY_ACTIVE_ARCH = YES;
				SDKROOT = iphoneos;
				SWIFT_OPTIMIZATION_LEVEL = "-Onone";
			};
			name = Debug;
		};
		948889351B958712003B76F9 /* Release */ = {
			isa = XCBuildConfiguration;
			buildSettings = {
				ALWAYS_SEARCH_USER_PATHS = NO;
				CLANG_CXX_LANGUAGE_STANDARD = "gnu++0x";
				CLANG_CXX_LIBRARY = "libc++";
				CLANG_ENABLE_MODULES = YES;
				CLANG_ENABLE_OBJC_ARC = YES;
				CLANG_WARN_BOOL_CONVERSION = YES;
				CLANG_WARN_CONSTANT_CONVERSION = YES;
				CLANG_WARN_DIRECT_OBJC_ISA_USAGE = YES_ERROR;
				CLANG_WARN_EMPTY_BODY = YES;
				CLANG_WARN_ENUM_CONVERSION = YES;
				CLANG_WARN_INT_CONVERSION = YES;
				CLANG_WARN_OBJC_ROOT_CLASS = YES_ERROR;
				CLANG_WARN_UNREACHABLE_CODE = YES;
				CLANG_WARN__DUPLICATE_METHOD_MATCH = YES;
				"CODE_SIGN_IDENTITY[sdk=iphoneos*]" = "iPhone Developer";
				COPY_PHASE_STRIP = NO;
				DEBUG_INFORMATION_FORMAT = "dwarf-with-dsym";
				ENABLE_NS_ASSERTIONS = NO;
				ENABLE_STRICT_OBJC_MSGSEND = YES;
				GCC_C_LANGUAGE_STANDARD = gnu99;
				GCC_NO_COMMON_BLOCKS = YES;
				GCC_WARN_64_TO_32_BIT_CONVERSION = YES;
				GCC_WARN_ABOUT_RETURN_TYPE = YES_ERROR;
				GCC_WARN_UNDECLARED_SELECTOR = YES;
				GCC_WARN_UNINITIALIZED_AUTOS = YES_AGGRESSIVE;
				GCC_WARN_UNUSED_FUNCTION = YES;
				GCC_WARN_UNUSED_VARIABLE = YES;
				IPHONEOS_DEPLOYMENT_TARGET = 9.0;
				MTL_ENABLE_DEBUG_INFO = NO;
				SDKROOT = iphoneos;
				VALIDATE_PRODUCT = YES;
			};
			name = Release;
		};
		948889371B958712003B76F9 /* Debug */ = {
			isa = XCBuildConfiguration;
			buildSettings = {
				ASSETCATALOG_COMPILER_APPICON_NAME = AppIcon;
				EMBEDDED_CONTENT_CONTAINS_SWIFT = YES;
				INFOPLIST_FILE = "$(SRCROOT)/ios/Info.plist";
				IPHONEOS_DEPLOYMENT_TARGET = 9.1;
				LD_RUNPATH_SEARCH_PATHS = "$(inherited) @executable_path/Frameworks";
				PRODUCT_BUNDLE_IDENTIFIER = "com.okrobotstudios.pong-30";
				PRODUCT_NAME = "Pong:30";
			};
			name = Debug;
		};
		948889381B958712003B76F9 /* Release */ = {
			isa = XCBuildConfiguration;
			buildSettings = {
				ASSETCATALOG_COMPILER_APPICON_NAME = AppIcon;
				EMBEDDED_CONTENT_CONTAINS_SWIFT = YES;
				INFOPLIST_FILE = "$(SRCROOT)/ios/Info.plist";
				IPHONEOS_DEPLOYMENT_TARGET = 9.1;
				LD_RUNPATH_SEARCH_PATHS = "$(inherited) @executable_path/Frameworks";
				PRODUCT_BUNDLE_IDENTIFIER = "com.okrobotstudios.pong-30";
				PRODUCT_NAME = "Pong:30";
			};
			name = Release;
		};
		94C0BDFC1BAD20DD001C61ED /* Debug */ = {
			isa = XCBuildConfiguration;
			buildSettings = {
				ASSETCATALOG_COMPILER_APPICON_NAME = "App Icon & Top Shelf Image";
				ASSETCATALOG_COMPILER_LAUNCHIMAGE_NAME = LaunchImage;
				INFOPLIST_FILE = tvos/Info.plist;
				LD_RUNPATH_SEARCH_PATHS = "$(inherited) @executable_path/Frameworks";
				PRODUCT_BUNDLE_IDENTIFIER = "com.okrobotstudios.pong-thirty-tv";
				PRODUCT_NAME = "Pong:30";
				SDKROOT = appletvos;
				TARGETED_DEVICE_FAMILY = 3;
				TVOS_DEPLOYMENT_TARGET = 9.0;
			};
			name = Debug;
		};
		94C0BDFD1BAD20DD001C61ED /* Release */ = {
			isa = XCBuildConfiguration;
			buildSettings = {
				ASSETCATALOG_COMPILER_APPICON_NAME = "App Icon & Top Shelf Image";
				ASSETCATALOG_COMPILER_LAUNCHIMAGE_NAME = LaunchImage;
				INFOPLIST_FILE = tvos/Info.plist;
				LD_RUNPATH_SEARCH_PATHS = "$(inherited) @executable_path/Frameworks";
				PRODUCT_BUNDLE_IDENTIFIER = "com.okrobotstudios.pong-thirty-tv";
				PRODUCT_NAME = "Pong:30";
				SDKROOT = appletvos;
				TARGETED_DEVICE_FAMILY = 3;
				TVOS_DEPLOYMENT_TARGET = 9.0;
			};
			name = Release;
		};
/* End XCBuildConfiguration section */

/* Begin XCConfigurationList section */
		948889101B958712003B76F9 /* Build configuration list for PBXProject "pong-thirty" */ = {
			isa = XCConfigurationList;
			buildConfigurations = (
				948889341B958712003B76F9 /* Debug */,
				948889351B958712003B76F9 /* Release */,
			);
			defaultConfigurationIsVisible = 0;
			defaultConfigurationName = Release;
		};
		948889361B958712003B76F9 /* Build configuration list for PBXNativeTarget "pong-thirty-ios" */ = {
			isa = XCConfigurationList;
			buildConfigurations = (
				948889371B958712003B76F9 /* Debug */,
				948889381B958712003B76F9 /* Release */,
			);
			defaultConfigurationIsVisible = 0;
			defaultConfigurationName = Release;
		};
		94C0BDFE1BAD20DD001C61ED /* Build configuration list for PBXNativeTarget "pong-thirty-tv" */ = {
			isa = XCConfigurationList;
			buildConfigurations = (
				94C0BDFC1BAD20DD001C61ED /* Debug */,
				94C0BDFD1BAD20DD001C61ED /* Release */,
			);
			defaultConfigurationIsVisible = 0;
		};
/* End XCConfigurationList section */
	};
	rootObject = 9488890D1B958712003B76F9 /* Project object */;
}
